
Microsoft Visual Studio Solution File, Format Version 12.00
# Visual Studio Version 17
VisualStudioVersion = 17.5.33424.131
MinimumVisualStudioVersion = 10.0.40219.1
Project("{FAE04EC0-301F-11D3-BF4B-00C04F79EFBC}") = "task2SQL", "task2SQL\task2SQL.csproj", "{8054C0B3-C8DF-40FC-9C92-7BFB42BE1548}"
EndProject
Global
	GlobalSection(SolutionConfigurationPlatforms) = preSolution
		Debug|Any CPU = Debug|Any CPU
		Release|Any CPU = Release|Any CPU
	EndGlobalSection
	GlobalSection(ProjectConfigurationPlatforms) = postSolution
		{8054C0B3-C8DF-40FC-9C92-7BFB42BE1548}.Debug|Any CPU.ActiveCfg = Debug|Any CPU
		{8054C0B3-C8DF-40FC-9C92-7BFB42BE1548}.Debug|Any CPU.Build.0 = Debug|Any CPU
		{8054C0B3-C8DF-40FC-9C92-7BFB42BE1548}.Release|Any CPU.ActiveCfg = Release|Any CPU
		{8054C0B3-C8DF-40FC-9C92-7BFB42BE1548}.Release|Any CPU.Build.0 = Release|Any CPU
	EndGlobalSection
	GlobalSection(SolutionProperties) = preSolution
		HideSolutionNode = FALSE
	EndGlobalSection
	GlobalSection(ExtensibilityGlobals) = postSolution
		SolutionGuid = {3E4A9D7C-B1B0-45C2-9873-176907AE6379}
	EndGlobalSection
EndGlobal
